
Microsoft Visual Studio Solution File, Format Version 12.00
# Visual Studio Version 16
VisualStudioVersion = 16.0.810.22
MinimumVisualStudioVersion = 10.0.40219.1
Project("{FAE04EC0-301F-11D3-BF4B-00C04F79EFBC}") = "KrokodilleSpillet", "KrokodilleSpillet\KrokodilleSpillet.csproj", "{19FC4D32-71FE-485E-9E7D-3A951A3290C3}"
EndProject
Global
	GlobalSection(SolutionConfigurationPlatforms) = preSolution
		Debug|Any CPU = Debug|Any CPU
		Release|Any CPU = Release|Any CPU
	EndGlobalSection
	GlobalSection(ProjectConfigurationPlatforms) = postSolution
		{19FC4D32-71FE-485E-9E7D-3A951A3290C3}.Debug|Any CPU.ActiveCfg = Debug|Any CPU
		{19FC4D32-71FE-485E-9E7D-3A951A3290C3}.Debug|Any CPU.Build.0 = Debug|Any CPU
		{19FC4D32-71FE-485E-9E7D-3A951A3290C3}.Release|Any CPU.ActiveCfg = Release|Any CPU
		{19FC4D32-71FE-485E-9E7D-3A951A3290C3}.Release|Any CPU.Build.0 = Release|Any CPU
	EndGlobalSection
	GlobalSection(SolutionProperties) = preSolution
		HideSolutionNode = FALSE
	EndGlobalSection
	GlobalSection(ExtensibilityGlobals) = postSolution
		SolutionGuid = {8BCDF8C7-4C65-4A00-AA02-48B3F3C69C45}
	EndGlobalSection
EndGlobal
